
Microsoft Visual Studio Solution File, Format Version 12.00
# Visual Studio Version 17
VisualStudioVersion = 17.9.34728.123
MinimumVisualStudioVersion = 10.0.40219.1
Project("{FAE04EC0-301F-11D3-BF4B-00C04F79EFBC}") = "CoreBankAPI", "CoreBankAPI.csproj", "{A163DBEB-7BB5-4DB6-92C0-D7291D71A662}"
EndProject
Global
	GlobalSection(SolutionConfigurationPlatforms) = preSolution
		Debug|Any CPU = Debug|Any CPU
		Release|Any CPU = Release|Any CPU
	EndGlobalSection
	GlobalSection(ProjectConfigurationPlatforms) = postSolution
		{A163DBEB-7BB5-4DB6-92C0-D7291D71A662}.Debug|Any CPU.ActiveCfg = Debug|Any CPU
		{A163DBEB-7BB5-4DB6-92C0-D7291D71A662}.Debug|Any CPU.Build.0 = Debug|Any CPU
		{A163DBEB-7BB5-4DB6-92C0-D7291D71A662}.Release|Any CPU.ActiveCfg = Release|Any CPU
		{A163DBEB-7BB5-4DB6-92C0-D7291D71A662}.Release|Any CPU.Build.0 = Release|Any CPU
	EndGlobalSection
	GlobalSection(SolutionProperties) = preSolution
		HideSolutionNode = FALSE
	EndGlobalSection
	GlobalSection(ExtensibilityGlobals) = postSolution
		SolutionGuid = {C582B278-D965-4810-A282-C3AA738B4D6D}
	EndGlobalSection
EndGlobal
